
Microsoft Visual Studio Solution File, Format Version 12.00
# Visual Studio Version 17
VisualStudioVersion = 17.0.31717.71
MinimumVisualStudioVersion = 10.0.40219.1
Project("{D954291E-2A0B-460D-934E-DC6B0785DB48}") = "FeatureFlags", "FeatureFlags\FeatureFlags.shproj", "{4403576E-4140-40A4-8AE1-247FDCE0B095}"
EndProject
Project("{FAE04EC0-301F-11D3-BF4B-00C04F79EFBC}") = "VSIX", "VSIX\VSIX.csproj", "{3F420576-39A8-4635-A64D-9FD52EF50C7D}"
EndProject
Project("{2150E333-8FDC-42A3-9474-1A3956D46DE8}") = "Marketplace", "Marketplace", "{8E577576-47DA-45D5-9092-278C068CD50C}"
	ProjectSection(SolutionItems) = preProject
		..\marketplace\overview.md = ..\marketplace\overview.md
		..\marketplace\publishManifest.json = ..\marketplace\publishManifest.json
	EndProjectSection
EndProject
Project("{2150E333-8FDC-42A3-9474-1A3956D46DE8}") = "images", "images", "{8B946ABC-4396-487E-B1A0-DD5D6CE8C9B1}"
	ProjectSection(SolutionItems) = preProject
		..\marketplace\images\FeatureFlagsToolsOptions.png = ..\marketplace\images\FeatureFlagsToolsOptions.png
	EndProjectSection
EndProject
Project("{FAE04EC0-301F-11D3-BF4B-00C04F79EFBC}") = "VSIX_Dev17", "VSIX_Dev17\VSIX_Dev17.csproj", "{A2DA4CA1-B647-4AAC-8760-D399AB59DF56}"
EndProject
Global
	GlobalSection(SharedMSBuildProjectFiles) = preSolution
		FeatureFlags\FeatureFlags.projitems*{3f420576-39a8-4635-a64d-9fd52ef50c7d}*SharedItemsImports = 4
		FeatureFlags\FeatureFlags.projitems*{4403576e-4140-40a4-8ae1-247fdce0b095}*SharedItemsImports = 13
		FeatureFlags\FeatureFlags.projitems*{a2da4ca1-b647-4aac-8760-d399ab59df56}*SharedItemsImports = 4
	EndGlobalSection
	GlobalSection(SolutionConfigurationPlatforms) = preSolution
		Debug|Any CPU = Debug|Any CPU
		Release|Any CPU = Release|Any CPU
	EndGlobalSection
	GlobalSection(ProjectConfigurationPlatforms) = postSolution
		{3F420576-39A8-4635-A64D-9FD52EF50C7D}.Debug|Any CPU.ActiveCfg = Debug|Any CPU
		{3F420576-39A8-4635-A64D-9FD52EF50C7D}.Debug|Any CPU.Build.0 = Debug|Any CPU
		{3F420576-39A8-4635-A64D-9FD52EF50C7D}.Release|Any CPU.ActiveCfg = Release|Any CPU
		{3F420576-39A8-4635-A64D-9FD52EF50C7D}.Release|Any CPU.Build.0 = Release|Any CPU
		{A2DA4CA1-B647-4AAC-8760-D399AB59DF56}.Debug|Any CPU.ActiveCfg = Debug|Any CPU
		{A2DA4CA1-B647-4AAC-8760-D399AB59DF56}.Debug|Any CPU.Build.0 = Debug|Any CPU
		{A2DA4CA1-B647-4AAC-8760-D399AB59DF56}.Release|Any CPU.ActiveCfg = Release|Any CPU
		{A2DA4CA1-B647-4AAC-8760-D399AB59DF56}.Release|Any CPU.Build.0 = Release|Any CPU
	EndGlobalSection
	GlobalSection(SolutionProperties) = preSolution
		HideSolutionNode = FALSE
	EndGlobalSection
	GlobalSection(NestedProjects) = preSolution
		{8B946ABC-4396-487E-B1A0-DD5D6CE8C9B1} = {8E577576-47DA-45D5-9092-278C068CD50C}
	EndGlobalSection
	GlobalSection(ExtensibilityGlobals) = postSolution
		SolutionGuid = {8261DFD0-BF3C-4883-B8D6-E2EC13972221}
	EndGlobalSection
EndGlobal
